
Microsoft Visual Studio Solution File, Format Version 11.00
# Visual Studio 2010
Project("{8BC9CEB8-8B4A-11D0-8D11-00A0C91BC942}") = "writing", "writing\writing.vcxproj", "{AD0F4F78-0936-486C-80B0-8412A000E929}"
	ProjectSection(ProjectDependencies) = postProject
		{DE71F83A-894D-4722-BA96-E282AA26C005} = {DE71F83A-894D-4722-BA96-E282AA26C005}
	EndProjectSection
EndProject
Project("{8BC9CEB8-8B4A-11D0-8D11-00A0C91BC942}") = "spark", "sparklib\sparklib.vcxproj", "{DE71F83A-894D-4722-BA96-E282AA26C005}"
EndProject
Global
	GlobalSection(SolutionConfigurationPlatforms) = preSolution
		Debug|Win32 = Debug|Win32
		Release|Win32 = Release|Win32
	EndGlobalSection
	GlobalSection(ProjectConfigurationPlatforms) = postSolution
		{AD0F4F78-0936-486C-80B0-8412A000E929}.Debug|Win32.ActiveCfg = Debug|Win32
		{AD0F4F78-0936-486C-80B0-8412A000E929}.Debug|Win32.Build.0 = Debug|Win32
		{AD0F4F78-0936-486C-80B0-8412A000E929}.Release|Win32.ActiveCfg = Release|Win32
		{AD0F4F78-0936-486C-80B0-8412A000E929}.Release|Win32.Build.0 = Release|Win32
		{DE71F83A-894D-4722-BA96-E282AA26C005}.Debug|Win32.ActiveCfg = Debug|Win32
		{DE71F83A-894D-4722-BA96-E282AA26C005}.Debug|Win32.Build.0 = Debug|Win32
		{DE71F83A-894D-4722-BA96-E282AA26C005}.Release|Win32.ActiveCfg = Release|Win32
		{DE71F83A-894D-4722-BA96-E282AA26C005}.Release|Win32.Build.0 = Release|Win32
	EndGlobalSection
	GlobalSection(SolutionProperties) = preSolution
		HideSolutionNode = FALSE
	EndGlobalSection
EndGlobal
